
Microsoft Visual Studio Solution File, Format Version 12.00
# Visual Studio Version 17
VisualStudioVersion = 17.14.36414.22
MinimumVisualStudioVersion = 10.0.40219.1
Project("{2150E333-8FDC-42A3-9474-1A3956D46DE8}") = "Task0", "Task0", "{02EA681E-C7D8-13C7-8484-4AC65E1B71E8}"
EndProject
Project("{FAE04EC0-301F-11D3-BF4B-00C04F79EFBC}") = "Tyuiu.AntonovDI.Sprint4.Task0.V24", "Tyuiu.AntonovDI.Sprint4.Task0.V24\Tyuiu.AntonovDI.Sprint4.Task0.V24.csproj", "{D7EA394A-9A1D-4844-8276-9ECDDDB8FCB4}"
EndProject
Project("{FAE04EC0-301F-11D3-BF4B-00C04F79EFBC}") = "Tyuiu.AntonovDI.Sprint4.Task0.V24.Lib", "Tyuiu.AntonovDI.Sprint4.Task0.V24.Lib\Tyuiu.AntonovDI.Sprint4.Task0.V24.Lib.csproj", "{687688CF-D31C-4441-87CD-695E3C33F73B}"
EndProject
Project("{FAE04EC0-301F-11D3-BF4B-00C04F79EFBC}") = "Tyuiu.AntonovDI.Sprint4.Task0.V24.Test", "Tyuiu.AntonovDI.Sprint4.Task0.V24.Test\Tyuiu.AntonovDI.Sprint4.Task0.V24.Test.csproj", "{A27D6AA6-D75B-4EDD-A5E8-1BEEE9D5F116}"
EndProject
Project("{2150E333-8FDC-42A3-9474-1A3956D46DE8}") = "Task1", "Task1", "{53EADFD9-708E-4EB9-81D9-E47069A27616}"
EndProject
Project("{FAE04EC0-301F-11D3-BF4B-00C04F79EFBC}") = "Tyuiu.AntonovDI.Sprint4.Task1.V9", "Tyuiu.AntonovDI.Sprint4.Task1.V9\Tyuiu.AntonovDI.Sprint4.Task1.V9.csproj", "{A7F4AC9C-2C37-462E-B467-AF15FC15E0AF}"
EndProject
Project("{FAE04EC0-301F-11D3-BF4B-00C04F79EFBC}") = "Tyuiu.AntonovDI.Sprint4.Task1.V9.Lib", "Tyuiu.AntonovDI.Sprint4.Task1.V9.Lib\Tyuiu.AntonovDI.Sprint4.Task1.V9.Lib.csproj", "{AA36BC82-4DE8-4132-88C8-4F86699E96F2}"
EndProject
Project("{FAE04EC0-301F-11D3-BF4B-00C04F79EFBC}") = "Tyuiu.AntonovDI.Sprint4.Task1.V9.Test", "Tyuiu.AntonovDI.Sprint4.Task1.V9.Test\Tyuiu.AntonovDI.Sprint4.Task1.V9.Test.csproj", "{89EEE011-AF23-4AA9-B396-4477CB301142}"
EndProject
Project("{2150E333-8FDC-42A3-9474-1A3956D46DE8}") = "Task2", "Task2", "{BE151F2F-85DA-4626-8A4B-172B1780D0AD}"
EndProject
Project("{FAE04EC0-301F-11D3-BF4B-00C04F79EFBC}") = "Tyuiu.AntonovDI.Sprint4.Task2.V22", "Tyuiu.AntonovDI.Sprint4.Task2.V22\Tyuiu.AntonovDI.Sprint4.Task2.V22.csproj", "{C6B70555-E06F-43FD-A863-59F116312AFD}"
EndProject
Project("{FAE04EC0-301F-11D3-BF4B-00C04F79EFBC}") = "Tyuiu.AntonovDI.Sprint4.Task2.V22.Lib", "Tyuiu.AntonovDI.Sprint4.Task2.V22.Lib\Tyuiu.AntonovDI.Sprint4.Task2.V22.Lib.csproj", "{2E660A68-F911-47FC-A95E-8A64CCA5F1B8}"
EndProject
Project("{FAE04EC0-301F-11D3-BF4B-00C04F79EFBC}") = "Tyuiu.AntonovDI.Sprint4.Task2.V22.Test", "Tyuiu.AntonovDI.Sprint4.Task2.V22.Test\Tyuiu.AntonovDI.Sprint4.Task2.V22.Test.csproj", "{419FD7B8-F317-4EA5-9748-78ADC3C00867}"
EndProject
Project("{2150E333-8FDC-42A3-9474-1A3956D46DE8}") = "Task3", "Task3", "{2F66CF01-02B2-4A66-9DAE-CF4EFDC361AC}"
EndProject
Project("{FAE04EC0-301F-11D3-BF4B-00C04F79EFBC}") = "Tyuiu.AntonovDI.Sprint4.Task3.V11", "Tyuiu.AntonovDI.Sprint4.Task3.V11\Tyuiu.AntonovDI.Sprint4.Task3.V11.csproj", "{43F4C5CB-493D-480D-959C-7C945B321C36}"
EndProject
Project("{FAE04EC0-301F-11D3-BF4B-00C04F79EFBC}") = "Tyuiu.AntonovDI.Sprint4.Task3.V11.Lib", "Tyuiu.AntonovDI.Sprint4.Task3.V11.Lib\Tyuiu.AntonovDI.Sprint4.Task3.V11.Lib.csproj", "{27F59639-DD6D-414C-881A-62779C998D4C}"
EndProject
Project("{FAE04EC0-301F-11D3-BF4B-00C04F79EFBC}") = "Tyuiu.AntonovDI.Sprint4.Task3.V11.Test", "Tyuiu.AntonovDI.Sprint4.Task3.V11.Test\Tyuiu.AntonovDI.Sprint4.Task3.V11.Test.csproj", "{EEC039CB-6673-4F74-ACDB-900A00A13AA0}"
EndProject
Global
	GlobalSection(SolutionConfigurationPlatforms) = preSolution
		Debug|Any CPU = Debug|Any CPU
		Release|Any CPU = Release|Any CPU
	EndGlobalSection
	GlobalSection(ProjectConfigurationPlatforms) = postSolution
		{D7EA394A-9A1D-4844-8276-9ECDDDB8FCB4}.Debug|Any CPU.ActiveCfg = Debug|Any CPU
		{D7EA394A-9A1D-4844-8276-9ECDDDB8FCB4}.Debug|Any CPU.Build.0 = Debug|Any CPU
		{D7EA394A-9A1D-4844-8276-9ECDDDB8FCB4}.Release|Any CPU.ActiveCfg = Release|Any CPU
		{D7EA394A-9A1D-4844-8276-9ECDDDB8FCB4}.Release|Any CPU.Build.0 = Release|Any CPU
		{687688CF-D31C-4441-87CD-695E3C33F73B}.Debug|Any CPU.ActiveCfg = Debug|Any CPU
		{687688CF-D31C-4441-87CD-695E3C33F73B}.Debug|Any CPU.Build.0 = Debug|Any CPU
		{687688CF-D31C-4441-87CD-695E3C33F73B}.Release|Any CPU.ActiveCfg = Release|Any CPU
		{687688CF-D31C-4441-87CD-695E3C33F73B}.Release|Any CPU.Build.0 = Release|Any CPU
		{A27D6AA6-D75B-4EDD-A5E8-1BEEE9D5F116}.Debug|Any CPU.ActiveCfg = Debug|Any CPU
		{A27D6AA6-D75B-4EDD-A5E8-1BEEE9D5F116}.Debug|Any CPU.Build.0 = Debug|Any CPU
		{A27D6AA6-D75B-4EDD-A5E8-1BEEE9D5F116}.Release|Any CPU.ActiveCfg = Release|Any CPU
		{A27D6AA6-D75B-4EDD-A5E8-1BEEE9D5F116}.Release|Any CPU.Build.0 = Release|Any CPU
		{A7F4AC9C-2C37-462E-B467-AF15FC15E0AF}.Debug|Any CPU.ActiveCfg = Debug|Any CPU
		{A7F4AC9C-2C37-462E-B467-AF15FC15E0AF}.Debug|Any CPU.Build.0 = Debug|Any CPU
		{A7F4AC9C-2C37-462E-B467-AF15FC15E0AF}.Release|Any CPU.ActiveCfg = Release|Any CPU
		{A7F4AC9C-2C37-462E-B467-AF15FC15E0AF}.Release|Any CPU.Build.0 = Release|Any CPU
		{AA36BC82-4DE8-4132-88C8-4F86699E96F2}.Debug|Any CPU.ActiveCfg = Debug|Any CPU
		{AA36BC82-4DE8-4132-88C8-4F86699E96F2}.Debug|Any CPU.Build.0 = Debug|Any CPU
		{AA36BC82-4DE8-4132-88C8-4F86699E96F2}.Release|Any CPU.ActiveCfg = Release|Any CPU
		{AA36BC82-4DE8-4132-88C8-4F86699E96F2}.Release|Any CPU.Build.0 = Release|Any CPU
		{89EEE011-AF23-4AA9-B396-4477CB301142}.Debug|Any CPU.ActiveCfg = Debug|Any CPU
		{89EEE011-AF23-4AA9-B396-4477CB301142}.Debug|Any CPU.Build.0 = Debug|Any CPU
		{89EEE011-AF23-4AA9-B396-4477CB301142}.Release|Any CPU.ActiveCfg = Release|Any CPU
		{89EEE011-AF23-4AA9-B396-4477CB301142}.Release|Any CPU.Build.0 = Release|Any CPU
		{C6B70555-E06F-43FD-A863-59F116312AFD}.Debug|Any CPU.ActiveCfg = Debug|Any CPU
		{C6B70555-E06F-43FD-A863-59F116312AFD}.Debug|Any CPU.Build.0 = Debug|Any CPU
		{C6B70555-E06F-43FD-A863-59F116312AFD}.Release|Any CPU.ActiveCfg = Release|Any CPU
		{C6B70555-E06F-43FD-A863-59F116312AFD}.Release|Any CPU.Build.0 = Release|Any CPU
		{2E660A68-F911-47FC-A95E-8A64CCA5F1B8}.Debug|Any CPU.ActiveCfg = Debug|Any CPU
		{2E660A68-F911-47FC-A95E-8A64CCA5F1B8}.Debug|Any CPU.Build.0 = Debug|Any CPU
		{2E660A68-F911-47FC-A95E-8A64CCA5F1B8}.Release|Any CPU.ActiveCfg = Release|Any CPU
		{2E660A68-F911-47FC-A95E-8A64CCA5F1B8}.Release|Any CPU.Build.0 = Release|Any CPU
		{419FD7B8-F317-4EA5-9748-78ADC3C00867}.Debug|Any CPU.ActiveCfg = Debug|Any CPU
		{419FD7B8-F317-4EA5-9748-78ADC3C00867}.Debug|Any CPU.Build.0 = Debug|Any CPU
		{419FD7B8-F317-4EA5-9748-78ADC3C00867}.Release|Any CPU.ActiveCfg = Release|Any CPU
		{419FD7B8-F317-4EA5-9748-78ADC3C00867}.Release|Any CPU.Build.0 = Release|Any CPU
		{43F4C5CB-493D-480D-959C-7C945B321C36}.Debug|Any CPU.ActiveCfg = Debug|Any CPU
		{43F4C5CB-493D-480D-959C-7C945B321C36}.Debug|Any CPU.Build.0 = Debug|Any CPU
		{43F4C5CB-493D-480D-959C-7C945B321C36}.Release|Any CPU.ActiveCfg = Release|Any CPU
		{43F4C5CB-493D-480D-959C-7C945B321C36}.Release|Any CPU.Build.0 = Release|Any CPU
		{27F59639-DD6D-414C-881A-62779C998D4C}.Debug|Any CPU.ActiveCfg = Debug|Any CPU
		{27F59639-DD6D-414C-881A-62779C998D4C}.Debug|Any CPU.Build.0 = Debug|Any CPU
		{27F59639-DD6D-414C-881A-62779C998D4C}.Release|Any CPU.ActiveCfg = Release|Any CPU
		{27F59639-DD6D-414C-881A-62779C998D4C}.Release|Any CPU.Build.0 = Release|Any CPU
		{EEC039CB-6673-4F74-ACDB-900A00A13AA0}.Debug|Any CPU.ActiveCfg = Debug|Any CPU
		{EEC039CB-6673-4F74-ACDB-900A00A13AA0}.Debug|Any CPU.Build.0 = Debug|Any CPU
		{EEC039CB-6673-4F74-ACDB-900A00A13AA0}.Release|Any CPU.ActiveCfg = Release|Any CPU
		{EEC039CB-6673-4F74-ACDB-900A00A13AA0}.Release|Any CPU.Build.0 = Release|Any CPU
	EndGlobalSection
	GlobalSection(SolutionProperties) = preSolution
		HideSolutionNode = FALSE
	EndGlobalSection
	GlobalSection(NestedProjects) = preSolution
		{D7EA394A-9A1D-4844-8276-9ECDDDB8FCB4} = {02EA681E-C7D8-13C7-8484-4AC65E1B71E8}
		{687688CF-D31C-4441-87CD-695E3C33F73B} = {02EA681E-C7D8-13C7-8484-4AC65E1B71E8}
		{A27D6AA6-D75B-4EDD-A5E8-1BEEE9D5F116} = {02EA681E-C7D8-13C7-8484-4AC65E1B71E8}
		{A7F4AC9C-2C37-462E-B467-AF15FC15E0AF} = {53EADFD9-708E-4EB9-81D9-E47069A27616}
		{AA36BC82-4DE8-4132-88C8-4F86699E96F2} = {53EADFD9-708E-4EB9-81D9-E47069A27616}
		{89EEE011-AF23-4AA9-B396-4477CB301142} = {53EADFD9-708E-4EB9-81D9-E47069A27616}
		{C6B70555-E06F-43FD-A863-59F116312AFD} = {BE151F2F-85DA-4626-8A4B-172B1780D0AD}
		{2E660A68-F911-47FC-A95E-8A64CCA5F1B8} = {BE151F2F-85DA-4626-8A4B-172B1780D0AD}
		{419FD7B8-F317-4EA5-9748-78ADC3C00867} = {BE151F2F-85DA-4626-8A4B-172B1780D0AD}
		{43F4C5CB-493D-480D-959C-7C945B321C36} = {2F66CF01-02B2-4A66-9DAE-CF4EFDC361AC}
		{27F59639-DD6D-414C-881A-62779C998D4C} = {2F66CF01-02B2-4A66-9DAE-CF4EFDC361AC}
		{EEC039CB-6673-4F74-ACDB-900A00A13AA0} = {2F66CF01-02B2-4A66-9DAE-CF4EFDC361AC}
	EndGlobalSection
	GlobalSection(ExtensibilityGlobals) = postSolution
		SolutionGuid = {871FACB2-0CC3-4478-BFAB-A7B183742F45}
	EndGlobalSection
EndGlobal
